// !$*UTF8*$!
{
	archiveVersion = 1;
	classes = {
	};
	objectVersion = 56;
	objects = {

/* Begin PBXBuildFile section */
		00CEA66D2BEBCEBA00A63774 /* UsersCoreDataManager.swift in Sources */ = {isa = PBXBuildFile; fileRef = 00CEA66C2BEBCEBA00A63774 /* UsersCoreDataManager.swift */; };
		00CEA69C2BEBCED500A63774 /* UserModel.xcdatamodeld in Sources */ = {isa = PBXBuildFile; fileRef = 00CEA6702BEBCED500A63774 /* UserModel.xcdatamodeld */; };
		00CEA69D2BEBCED500A63774 /* Assets.xcassets in Resources */ = {isa = PBXBuildFile; fileRef = 00CEA6722BEBCED500A63774 /* Assets.xcassets */; };
		00CEA69E2BEBCED500A63774 /* LaunchScreen.storyboard in Resources */ = {isa = PBXBuildFile; fileRef = 00CEA6742BEBCED500A63774 /* LaunchScreen.storyboard */; };
		00CEA69F2BEBCED500A63774 /* AppDelegate.swift in Sources */ = {isa = PBXBuildFile; fileRef = 00CEA6772BEBCED500A63774 /* AppDelegate.swift */; };
		00CEA6A02BEBCED500A63774 /* Router.swift in Sources */ = {isa = PBXBuildFile; fileRef = 00CEA6782BEBCED500A63774 /* Router.swift */; };
		00CEA6A12BEBCED500A63774 /* SceneDelegate.swift in Sources */ = {isa = PBXBuildFile; fileRef = 00CEA6792BEBCED500A63774 /* SceneDelegate.swift */; };
		00CEA6A22BEBCED500A63774 /* User+CoreDataClass.swift in Sources */ = {isa = PBXBuildFile; fileRef = 00CEA67B2BEBCED500A63774 /* User+CoreDataClass.swift */; };
		00CEA6A32BEBCED500A63774 /* User+CoreDataProperties.swift in Sources */ = {isa = PBXBuildFile; fileRef = 00CEA67C2BEBCED500A63774 /* User+CoreDataProperties.swift */; };
		00CEA6A42BEBCED500A63774 /* UserDatabaseManager.swift in Sources */ = {isa = PBXBuildFile; fileRef = 00CEA67D2BEBCED500A63774 /* UserDatabaseManager.swift */; };
		00CEA6A52BEBCED500A63774 /* UIPickerView+Ext.swift in Sources */ = {isa = PBXBuildFile; fileRef = 00CEA67F2BEBCED500A63774 /* UIPickerView+Ext.swift */; };
		00CEA6A62BEBCED500A63774 /* UITextField+Ext.swift in Sources */ = {isa = PBXBuildFile; fileRef = 00CEA6802BEBCED500A63774 /* UITextField+Ext.swift */; };
		00CEA6A72BEBCED500A63774 /* User+Ext.swift in Sources */ = {isa = PBXBuildFile; fileRef = 00CEA6812BEBCED500A63774 /* User+Ext.swift */; };
		00CEA6A82BEBCED500A63774 /* UserDetailsModuleAssembly.swift in Sources */ = {isa = PBXBuildFile; fileRef = 00CEA6832BEBCED500A63774 /* UserDetailsModuleAssembly.swift */; };
		00CEA6A92BEBCED500A63774 /* UserDetailsModel.swift in Sources */ = {isa = PBXBuildFile; fileRef = 00CEA6852BEBCED500A63774 /* UserDetailsModel.swift */; };
		00CEA6AA2BEBCED500A63774 /* UserDetailsPresenter.swift in Sources */ = {isa = PBXBuildFile; fileRef = 00CEA6872BEBCED500A63774 /* UserDetailsPresenter.swift */; };
		00CEA6AB2BEBCED500A63774 /* UserDetailsView.swift in Sources */ = {isa = PBXBuildFile; fileRef = 00CEA6892BEBCED500A63774 /* UserDetailsView.swift */; };
		00CEA6AC2BEBCED500A63774 /* UserDetailsViewController.swift in Sources */ = {isa = PBXBuildFile; fileRef = 00CEA68A2BEBCED500A63774 /* UserDetailsViewController.swift */; };
		00CEA6AD2BEBCED500A63774 /* UsersModuleAssembly.swift in Sources */ = {isa = PBXBuildFile; fileRef = 00CEA68D2BEBCED500A63774 /* UsersModuleAssembly.swift */; };
		00CEA6AE2BEBCED500A63774 /* RandomDataGenerator.swift in Sources */ = {isa = PBXBuildFile; fileRef = 00CEA68F2BEBCED500A63774 /* RandomDataGenerator.swift */; };
		00CEA6AF2BEBCED500A63774 /* Gender.swift in Sources */ = {isa = PBXBuildFile; fileRef = 00CEA6912BEBCED500A63774 /* Gender.swift */; };
		00CEA6B02BEBCED500A63774 /* UsersModel.swift in Sources */ = {isa = PBXBuildFile; fileRef = 00CEA6922BEBCED500A63774 /* UsersModel.swift */; };
		00CEA6B12BEBCED500A63774 /* UsersPresenter.swift in Sources */ = {isa = PBXBuildFile; fileRef = 00CEA6942BEBCED500A63774 /* UsersPresenter.swift */; };
		00CEA6B22BEBCED500A63774 /* UsersView.swift in Sources */ = {isa = PBXBuildFile; fileRef = 00CEA6962BEBCED500A63774 /* UsersView.swift */; };
		00CEA6B32BEBCED500A63774 /* UsersViewController.swift in Sources */ = {isa = PBXBuildFile; fileRef = 00CEA6972BEBCED500A63774 /* UsersViewController.swift */; };
		00CEA6B62BEBCFD800A63774 /* SnapKit in Frameworks */ = {isa = PBXBuildFile; productRef = 00CEA6B52BEBCFD800A63774 /* SnapKit */; };
/* End PBXBuildFile section */

/* Begin PBXContainerItemProxy section */
		00CEA6502BEBCE6F00A63774 /* PBXContainerItemProxy */ = {
			isa = PBXContainerItemProxy;
			containerPortal = 00CEA62E2BEBCE6E00A63774 /* Project object */;
			proxyType = 1;
			remoteGlobalIDString = 00CEA6352BEBCE6E00A63774;
			remoteInfo = "iOS12-HW22-Daniil-Ivanov";
		};
/* End PBXContainerItemProxy section */

/* Begin PBXFileReference section */
		00CEA6362BEBCE6E00A63774 /* iOS12-HW22-Daniil-Ivanov.app */ = {isa = PBXFileReference; explicitFileType = wrapper.application; includeInIndex = 0; path = "iOS12-HW22-Daniil-Ivanov.app"; sourceTree = BUILT_PRODUCTS_DIR; };
		00CEA64F2BEBCE6F00A63774 /* iOS12-HW22-Daniil-IvanovTests.xctest */ = {isa = PBXFileReference; explicitFileType = wrapper.cfbundle; includeInIndex = 0; path = "iOS12-HW22-Daniil-IvanovTests.xctest"; sourceTree = BUILT_PRODUCTS_DIR; };
		00CEA66C2BEBCEBA00A63774 /* UsersCoreDataManager.swift */ = {isa = PBXFileReference; fileEncoding = 4; lastKnownFileType = sourcecode.swift; path = UsersCoreDataManager.swift; sourceTree = "<group>"; };
		00CEA66E2BEBCED500A63774 /* Info.plist */ = {isa = PBXFileReference; fileEncoding = 4; lastKnownFileType = text.plist.xml; path = Info.plist; sourceTree = "<group>"; };
		00CEA6722BEBCED500A63774 /* Assets.xcassets */ = {isa = PBXFileReference; lastKnownFileType = folder.assetcatalog; path = Assets.xcassets; sourceTree = "<group>"; };
		00CEA6732BEBCED500A63774 /* Base */ = {isa = PBXFileReference; lastKnownFileType = file.storyboard; name = Base; path = Base.lproj/LaunchScreen.storyboard; sourceTree = "<group>"; };
		00CEA6762BEBCED500A63774 /* iOS12_HW22_Daniil_Ivanov.xcdatamodel */ = {isa = PBXFileReference; lastKnownFileType = wrapper.xcdatamodel; path = iOS12_HW22_Daniil_Ivanov.xcdatamodel; sourceTree = "<group>"; };
		00CEA6772BEBCED500A63774 /* AppDelegate.swift */ = {isa = PBXFileReference; fileEncoding = 4; lastKnownFileType = sourcecode.swift; path = AppDelegate.swift; sourceTree = "<group>"; };
		00CEA6782BEBCED500A63774 /* Router.swift */ = {isa = PBXFileReference; fileEncoding = 4; lastKnownFileType = sourcecode.swift; path = Router.swift; sourceTree = "<group>"; };
		00CEA6792BEBCED500A63774 /* SceneDelegate.swift */ = {isa = PBXFileReference; fileEncoding = 4; lastKnownFileType = sourcecode.swift; path = SceneDelegate.swift; sourceTree = "<group>"; };
		00CEA67B2BEBCED500A63774 /* User+CoreDataClass.swift */ = {isa = PBXFileReference; fileEncoding = 4; lastKnownFileType = sourcecode.swift; path = "User+CoreDataClass.swift"; sourceTree = "<group>"; };
		00CEA67C2BEBCED500A63774 /* User+CoreDataProperties.swift */ = {isa = PBXFileReference; fileEncoding = 4; lastKnownFileType = sourcecode.swift; path = "User+CoreDataProperties.swift"; sourceTree = "<group>"; };
		00CEA67D2BEBCED500A63774 /* UserDatabaseManager.swift */ = {isa = PBXFileReference; fileEncoding = 4; lastKnownFileType = sourcecode.swift; path = UserDatabaseManager.swift; sourceTree = "<group>"; };
		00CEA67F2BEBCED500A63774 /* UIPickerView+Ext.swift */ = {isa = PBXFileReference; fileEncoding = 4; lastKnownFileType = sourcecode.swift; path = "UIPickerView+Ext.swift"; sourceTree = "<group>"; };
		00CEA6802BEBCED500A63774 /* UITextField+Ext.swift */ = {isa = PBXFileReference; fileEncoding = 4; lastKnownFileType = sourcecode.swift; path = "UITextField+Ext.swift"; sourceTree = "<group>"; };
		00CEA6812BEBCED500A63774 /* User+Ext.swift */ = {isa = PBXFileReference; fileEncoding = 4; lastKnownFileType = sourcecode.swift; path = "User+Ext.swift"; sourceTree = "<group>"; };
		00CEA6832BEBCED500A63774 /* UserDetailsModuleAssembly.swift */ = {isa = PBXFileReference; fileEncoding = 4; lastKnownFileType = sourcecode.swift; path = UserDetailsModuleAssembly.swift; sourceTree = "<group>"; };
		00CEA6852BEBCED500A63774 /* UserDetailsModel.swift */ = {isa = PBXFileReference; fileEncoding = 4; lastKnownFileType = sourcecode.swift; path = UserDetailsModel.swift; sourceTree = "<group>"; };
		00CEA6872BEBCED500A63774 /* UserDetailsPresenter.swift */ = {isa = PBXFileReference; fileEncoding = 4; lastKnownFileType = sourcecode.swift; path = UserDetailsPresenter.swift; sourceTree = "<group>"; };
		00CEA6892BEBCED500A63774 /* UserDetailsView.swift */ = {isa = PBXFileReference; fileEncoding = 4; lastKnownFileType = sourcecode.swift; path = UserDetailsView.swift; sourceTree = "<group>"; };
		00CEA68A2BEBCED500A63774 /* UserDetailsViewController.swift */ = {isa = PBXFileReference; fileEncoding = 4; lastKnownFileType = sourcecode.swift; path = UserDetailsViewController.swift; sourceTree = "<group>"; };
		00CEA68D2BEBCED500A63774 /* UsersModuleAssembly.swift */ = {isa = PBXFileReference; fileEncoding = 4; lastKnownFileType = sourcecode.swift; path = UsersModuleAssembly.swift; sourceTree = "<group>"; };
		00CEA68F2BEBCED500A63774 /* RandomDataGenerator.swift */ = {isa = PBXFileReference; fileEncoding = 4; lastKnownFileType = sourcecode.swift; path = RandomDataGenerator.swift; sourceTree = "<group>"; };
		00CEA6912BEBCED500A63774 /* Gender.swift */ = {isa = PBXFileReference; fileEncoding = 4; lastKnownFileType = sourcecode.swift; path = Gender.swift; sourceTree = "<group>"; };
		00CEA6922BEBCED500A63774 /* UsersModel.swift */ = {isa = PBXFileReference; fileEncoding = 4; lastKnownFileType = sourcecode.swift; path = UsersModel.swift; sourceTree = "<group>"; };
		00CEA6942BEBCED500A63774 /* UsersPresenter.swift */ = {isa = PBXFileReference; fileEncoding = 4; lastKnownFileType = sourcecode.swift; path = UsersPresenter.swift; sourceTree = "<group>"; };
		00CEA6962BEBCED500A63774 /* UsersView.swift */ = {isa = PBXFileReference; fileEncoding = 4; lastKnownFileType = sourcecode.swift; path = UsersView.swift; sourceTree = "<group>"; };
		00CEA6972BEBCED500A63774 /* UsersViewController.swift */ = {isa = PBXFileReference; fileEncoding = 4; lastKnownFileType = sourcecode.swift; path = UsersViewController.swift; sourceTree = "<group>"; };
/* End PBXFileReference section */

/* Begin PBXFrameworksBuildPhase section */
		00CEA6332BEBCE6E00A63774 /* Frameworks */ = {
			isa = PBXFrameworksBuildPhase;
			buildActionMask = 2147483647;
			files = (
				00CEA6B62BEBCFD800A63774 /* SnapKit in Frameworks */,
			);
			runOnlyForDeploymentPostprocessing = 0;
		};
		00CEA64C2BEBCE6F00A63774 /* Frameworks */ = {
			isa = PBXFrameworksBuildPhase;
			buildActionMask = 2147483647;
			files = (
			);
			runOnlyForDeploymentPostprocessing = 0;
		};
/* End PBXFrameworksBuildPhase section */

/* Begin PBXGroup section */
		00CEA62D2BEBCE6E00A63774 = {
			isa = PBXGroup;
			children = (
				00CEA6382BEBCE6E00A63774 /* iOS12-HW22-Daniil-Ivanov */,
				00CEA6522BEBCE6F00A63774 /* iOS12-HW22-Daniil-IvanovTests */,
				00CEA6372BEBCE6E00A63774 /* Products */,
			);
			sourceTree = "<group>";
		};
		00CEA6372BEBCE6E00A63774 /* Products */ = {
			isa = PBXGroup;
			children = (
				00CEA6362BEBCE6E00A63774 /* iOS12-HW22-Daniil-Ivanov.app */,
				00CEA64F2BEBCE6F00A63774 /* iOS12-HW22-Daniil-IvanovTests.xctest */,
			);
			name = Products;
			sourceTree = "<group>";
		};
		00CEA6382BEBCE6E00A63774 /* iOS12-HW22-Daniil-Ivanov */ = {
			isa = PBXGroup;
			children = (
				00CEA69A2BEBCED500A63774 /* Sources */,
				00CEA6752BEBCED500A63774 /* Resources */,
			);
			path = "iOS12-HW22-Daniil-Ivanov";
			sourceTree = "<group>";
		};
		00CEA6522BEBCE6F00A63774 /* iOS12-HW22-Daniil-IvanovTests */ = {
			isa = PBXGroup;
			children = (
				00CEA66C2BEBCEBA00A63774 /* UsersCoreDataManager.swift */,
			);
			path = "iOS12-HW22-Daniil-IvanovTests";
			sourceTree = "<group>";
		};
		00CEA66F2BEBCED500A63774 /* Configuration */ = {
			isa = PBXGroup;
			children = (
				00CEA66E2BEBCED500A63774 /* Info.plist */,
			);
			path = Configuration;
			sourceTree = "<group>";
		};
		00CEA6712BEBCED500A63774 /* CoreData */ = {
			isa = PBXGroup;
			children = (
				00CEA6702BEBCED500A63774 /* UserModel.xcdatamodeld */,
			);
			path = CoreData;
			sourceTree = "<group>";
		};
		00CEA6752BEBCED500A63774 /* Resources */ = {
			isa = PBXGroup;
			children = (
				00CEA66F2BEBCED500A63774 /* Configuration */,
				00CEA6712BEBCED500A63774 /* CoreData */,
				00CEA6722BEBCED500A63774 /* Assets.xcassets */,
				00CEA6742BEBCED500A63774 /* LaunchScreen.storyboard */,
			);
			path = Resources;
			sourceTree = "<group>";
		};
		00CEA67A2BEBCED500A63774 /* App */ = {
			isa = PBXGroup;
			children = (
				00CEA6772BEBCED500A63774 /* AppDelegate.swift */,
				00CEA6782BEBCED500A63774 /* Router.swift */,
				00CEA6792BEBCED500A63774 /* SceneDelegate.swift */,
			);
			path = App;
			sourceTree = "<group>";
		};
		00CEA67E2BEBCED500A63774 /* Database */ = {
			isa = PBXGroup;
			children = (
				00CEA67B2BEBCED500A63774 /* User+CoreDataClass.swift */,
				00CEA67C2BEBCED500A63774 /* User+CoreDataProperties.swift */,
				00CEA67D2BEBCED500A63774 /* UserDatabaseManager.swift */,
			);
			path = Database;
			sourceTree = "<group>";
		};
		00CEA6822BEBCED500A63774 /* Extensions */ = {
			isa = PBXGroup;
			children = (
				00CEA67F2BEBCED500A63774 /* UIPickerView+Ext.swift */,
				00CEA6802BEBCED500A63774 /* UITextField+Ext.swift */,
				00CEA6812BEBCED500A63774 /* User+Ext.swift */,
			);
			path = Extensions;
			sourceTree = "<group>";
		};
		00CEA6842BEBCED500A63774 /* Assembly */ = {
			isa = PBXGroup;
			children = (
				00CEA6832BEBCED500A63774 /* UserDetailsModuleAssembly.swift */,
			);
			path = Assembly;
			sourceTree = "<group>";
		};
		00CEA6862BEBCED500A63774 /* Model */ = {
			isa = PBXGroup;
			children = (
				00CEA6852BEBCED500A63774 /* UserDetailsModel.swift */,
			);
			path = Model;
			sourceTree = "<group>";
		};
		00CEA6882BEBCED500A63774 /* Presenter */ = {
			isa = PBXGroup;
			children = (
				00CEA6872BEBCED500A63774 /* UserDetailsPresenter.swift */,
			);
			path = Presenter;
			sourceTree = "<group>";
		};
		00CEA68B2BEBCED500A63774 /* View */ = {
			isa = PBXGroup;
			children = (
				00CEA6892BEBCED500A63774 /* UserDetailsView.swift */,
				00CEA68A2BEBCED500A63774 /* UserDetailsViewController.swift */,
			);
			path = View;
			sourceTree = "<group>";
		};
		00CEA68C2BEBCED500A63774 /* UserDetails */ = {
			isa = PBXGroup;
			children = (
				00CEA6842BEBCED500A63774 /* Assembly */,
				00CEA6862BEBCED500A63774 /* Model */,
				00CEA6882BEBCED500A63774 /* Presenter */,
				00CEA68B2BEBCED500A63774 /* View */,
			);
			path = UserDetails;
			sourceTree = "<group>";
		};
		00CEA68E2BEBCED500A63774 /* Assembly */ = {
			isa = PBXGroup;
			children = (
				00CEA68D2BEBCED500A63774 /* UsersModuleAssembly.swift */,
			);
			path = Assembly;
			sourceTree = "<group>";
		};
		00CEA6902BEBCED500A63774 /* Helpers */ = {
			isa = PBXGroup;
			children = (
				00CEA68F2BEBCED500A63774 /* RandomDataGenerator.swift */,
			);
			path = Helpers;
			sourceTree = "<group>";
		};
		00CEA6932BEBCED500A63774 /* Model */ = {
			isa = PBXGroup;
			children = (
				00CEA6912BEBCED500A63774 /* Gender.swift */,
				00CEA6922BEBCED500A63774 /* UsersModel.swift */,
			);
			path = Model;
			sourceTree = "<group>";
		};
		00CEA6952BEBCED500A63774 /* Presenter */ = {
			isa = PBXGroup;
			children = (
				00CEA6942BEBCED500A63774 /* UsersPresenter.swift */,
			);
			path = Presenter;
			sourceTree = "<group>";
		};
		00CEA6982BEBCED500A63774 /* View */ = {
			isa = PBXGroup;
			children = (
				00CEA6962BEBCED500A63774 /* UsersView.swift */,
				00CEA6972BEBCED500A63774 /* UsersViewController.swift */,
			);
			path = View;
			sourceTree = "<group>";
		};
		00CEA6992BEBCED500A63774 /* Users */ = {
			isa = PBXGroup;
			children = (
				00CEA68E2BEBCED500A63774 /* Assembly */,
				00CEA6902BEBCED500A63774 /* Helpers */,
				00CEA6932BEBCED500A63774 /* Model */,
				00CEA6952BEBCED500A63774 /* Presenter */,
				00CEA6982BEBCED500A63774 /* View */,
			);
			path = Users;
			sourceTree = "<group>";
		};
		00CEA69A2BEBCED500A63774 /* Sources */ = {
			isa = PBXGroup;
			children = (
				00CEA67A2BEBCED500A63774 /* App */,
				00CEA67E2BEBCED500A63774 /* Database */,
				00CEA6822BEBCED500A63774 /* Extensions */,
				00CEA68C2BEBCED500A63774 /* UserDetails */,
				00CEA6992BEBCED500A63774 /* Users */,
			);
			path = Sources;
			sourceTree = "<group>";
		};
/* End PBXGroup section */

/* Begin PBXNativeTarget section */
		00CEA6352BEBCE6E00A63774 /* iOS12-HW22-Daniil-Ivanov */ = {
			isa = PBXNativeTarget;
			buildConfigurationList = 00CEA6632BEBCE6F00A63774 /* Build configuration list for PBXNativeTarget "iOS12-HW22-Daniil-Ivanov" */;
			buildPhases = (
				00CEA6322BEBCE6E00A63774 /* Sources */,
				00CEA6332BEBCE6E00A63774 /* Frameworks */,
				00CEA6342BEBCE6E00A63774 /* Resources */,
			);
			buildRules = (
			);
			dependencies = (
			);
			name = "iOS12-HW22-Daniil-Ivanov";
			packageProductDependencies = (
				00CEA6B52BEBCFD800A63774 /* SnapKit */,
			);
			productName = "iOS12-HW22-Daniil-Ivanov";
			productReference = 00CEA6362BEBCE6E00A63774 /* iOS12-HW22-Daniil-Ivanov.app */;
			productType = "com.apple.product-type.application";
		};
		00CEA64E2BEBCE6F00A63774 /* iOS12-HW22-Daniil-IvanovTests */ = {
			isa = PBXNativeTarget;
			buildConfigurationList = 00CEA6662BEBCE6F00A63774 /* Build configuration list for PBXNativeTarget "iOS12-HW22-Daniil-IvanovTests" */;
			buildPhases = (
				00CEA64B2BEBCE6F00A63774 /* Sources */,
				00CEA64C2BEBCE6F00A63774 /* Frameworks */,
				00CEA64D2BEBCE6F00A63774 /* Resources */,
			);
			buildRules = (
			);
			dependencies = (
				00CEA6512BEBCE6F00A63774 /* PBXTargetDependency */,
			);
			name = "iOS12-HW22-Daniil-IvanovTests";
			productName = "iOS12-HW22-Daniil-IvanovTests";
			productReference = 00CEA64F2BEBCE6F00A63774 /* iOS12-HW22-Daniil-IvanovTests.xctest */;
			productType = "com.apple.product-type.bundle.unit-test";
		};
/* End PBXNativeTarget section */

/* Begin PBXProject section */
		00CEA62E2BEBCE6E00A63774 /* Project object */ = {
			isa = PBXProject;
			attributes = {
				BuildIndependentTargetsInParallel = 1;
				LastSwiftUpdateCheck = 1530;
				LastUpgradeCheck = 1530;
				TargetAttributes = {
					00CEA6352BEBCE6E00A63774 = {
						CreatedOnToolsVersion = 15.3;
					};
					00CEA64E2BEBCE6F00A63774 = {
						CreatedOnToolsVersion = 15.3;
						LastSwiftMigration = 1530;
						TestTargetID = 00CEA6352BEBCE6E00A63774;
					};
				};
			};
			buildConfigurationList = 00CEA6312BEBCE6E00A63774 /* Build configuration list for PBXProject "iOS12-HW22-Daniil-Ivanov" */;
			compatibilityVersion = "Xcode 14.0";
			developmentRegion = en;
			hasScannedForEncodings = 0;
			knownRegions = (
				en,
				Base,
			);
			mainGroup = 00CEA62D2BEBCE6E00A63774;
			packageReferences = (
				00CEA6B42BEBCFD800A63774 /* XCRemoteSwiftPackageReference "SnapKit" */,
			);
			productRefGroup = 00CEA6372BEBCE6E00A63774 /* Products */;
			projectDirPath = "";
			projectRoot = "";
			targets = (
				00CEA6352BEBCE6E00A63774 /* iOS12-HW22-Daniil-Ivanov */,
				00CEA64E2BEBCE6F00A63774 /* iOS12-HW22-Daniil-IvanovTests */,
			);
		};
/* End PBXProject section */

/* Begin PBXResourcesBuildPhase section */
		00CEA6342BEBCE6E00A63774 /* Resources */ = {
			isa = PBXResourcesBuildPhase;
			buildActionMask = 2147483647;
			files = (
				00CEA69E2BEBCED500A63774 /* LaunchScreen.storyboard in Resources */,
				00CEA69D2BEBCED500A63774 /* Assets.xcassets in Resources */,
			);
			runOnlyForDeploymentPostprocessing = 0;
		};
		00CEA64D2BEBCE6F00A63774 /* Resources */ = {
			isa = PBXResourcesBuildPhase;
			buildActionMask = 2147483647;
			files = (
			);
			runOnlyForDeploymentPostprocessing = 0;
		};
/* End PBXResourcesBuildPhase section */

/* Begin PBXSourcesBuildPhase section */
		00CEA6322BEBCE6E00A63774 /* Sources */ = {
			isa = PBXSourcesBuildPhase;
			buildActionMask = 2147483647;
			files = (
				00CEA6AB2BEBCED500A63774 /* UserDetailsView.swift in Sources */,
				00CEA69F2BEBCED500A63774 /* AppDelegate.swift in Sources */,
				00CEA6A62BEBCED500A63774 /* UITextField+Ext.swift in Sources */,
				00CEA6B32BEBCED500A63774 /* UsersViewController.swift in Sources */,
				00CEA6A02BEBCED500A63774 /* Router.swift in Sources */,
				00CEA6A92BEBCED500A63774 /* UserDetailsModel.swift in Sources */,
				00CEA6B22BEBCED500A63774 /* UsersView.swift in Sources */,
				00CEA6B12BEBCED500A63774 /* UsersPresenter.swift in Sources */,
				00CEA6AC2BEBCED500A63774 /* UserDetailsViewController.swift in Sources */,
				00CEA6AF2BEBCED500A63774 /* Gender.swift in Sources */,
				00CEA6AE2BEBCED500A63774 /* RandomDataGenerator.swift in Sources */,
				00CEA6A32BEBCED500A63774 /* User+CoreDataProperties.swift in Sources */,
				00CEA6AA2BEBCED500A63774 /* UserDetailsPresenter.swift in Sources */,
				00CEA69C2BEBCED500A63774 /* UserModel.xcdatamodeld in Sources */,
				00CEA6B02BEBCED500A63774 /* UsersModel.swift in Sources */,
				00CEA6A52BEBCED500A63774 /* UIPickerView+Ext.swift in Sources */,
				00CEA6A72BEBCED500A63774 /* User+Ext.swift in Sources */,
				00CEA6A82BEBCED500A63774 /* UserDetailsModuleAssembly.swift in Sources */,
				00CEA6AD2BEBCED500A63774 /* UsersModuleAssembly.swift in Sources */,
				00CEA6A42BEBCED500A63774 /* UserDatabaseManager.swift in Sources */,
				00CEA6A12BEBCED500A63774 /* SceneDelegate.swift in Sources */,
				00CEA6A22BEBCED500A63774 /* User+CoreDataClass.swift in Sources */,
			);
			runOnlyForDeploymentPostprocessing = 0;
		};
		00CEA64B2BEBCE6F00A63774 /* Sources */ = {
			isa = PBXSourcesBuildPhase;
			buildActionMask = 2147483647;
			files = (
				00CEA66D2BEBCEBA00A63774 /* UsersCoreDataManager.swift in Sources */,
			);
			runOnlyForDeploymentPostprocessing = 0;
		};
/* End PBXSourcesBuildPhase section */

/* Begin PBXTargetDependency section */
		00CEA6512BEBCE6F00A63774 /* PBXTargetDependency */ = {
			isa = PBXTargetDependency;
			target = 00CEA6352BEBCE6E00A63774 /* iOS12-HW22-Daniil-Ivanov */;
			targetProxy = 00CEA6502BEBCE6F00A63774 /* PBXContainerItemProxy */;
		};
/* End PBXTargetDependency section */

/* Begin PBXVariantGroup section */
		00CEA6742BEBCED500A63774 /* LaunchScreen.storyboard */ = {
			isa = PBXVariantGroup;
			children = (
				00CEA6732BEBCED500A63774 /* Base */,
			);
			name = LaunchScreen.storyboard;
			sourceTree = "<group>";
		};
/* End PBXVariantGroup section */

/* Begin XCBuildConfiguration section */
		00CEA6612BEBCE6F00A63774 /* Debug */ = {
			isa = XCBuildConfiguration;
			buildSettings = {
				ALWAYS_SEARCH_USER_PATHS = NO;
				ASSETCATALOG_COMPILER_GENERATE_SWIFT_ASSET_SYMBOL_EXTENSIONS = YES;
				CLANG_ANALYZER_NONNULL = YES;
				CLANG_ANALYZER_NUMBER_OBJECT_CONVERSION = YES_AGGRESSIVE;
				CLANG_CXX_LANGUAGE_STANDARD = "gnu++20";
				CLANG_ENABLE_MODULES = YES;
				CLANG_ENABLE_OBJC_ARC = YES;
				CLANG_ENABLE_OBJC_WEAK = YES;
				CLANG_WARN_BLOCK_CAPTURE_AUTORELEASING = YES;
				CLANG_WARN_BOOL_CONVERSION = YES;
				CLANG_WARN_COMMA = YES;
				CLANG_WARN_CONSTANT_CONVERSION = YES;
				CLANG_WARN_DEPRECATED_OBJC_IMPLEMENTATIONS = YES;
				CLANG_WARN_DIRECT_OBJC_ISA_USAGE = YES_ERROR;
				CLANG_WARN_DOCUMENTATION_COMMENTS = YES;
				CLANG_WARN_EMPTY_BODY = YES;
				CLANG_WARN_ENUM_CONVERSION = YES;
				CLANG_WARN_INFINITE_RECURSION = YES;
				CLANG_WARN_INT_CONVERSION = YES;
				CLANG_WARN_NON_LITERAL_NULL_CONVERSION = YES;
				CLANG_WARN_OBJC_IMPLICIT_RETAIN_SELF = YES;
				CLANG_WARN_OBJC_LITERAL_CONVERSION = YES;
				CLANG_WARN_OBJC_ROOT_CLASS = YES_ERROR;
				CLANG_WARN_QUOTED_INCLUDE_IN_FRAMEWORK_HEADER = YES;
				CLANG_WARN_RANGE_LOOP_ANALYSIS = YES;
				CLANG_WARN_STRICT_PROTOTYPES = YES;
				CLANG_WARN_SUSPICIOUS_MOVE = YES;
				CLANG_WARN_UNGUARDED_AVAILABILITY = YES_AGGRESSIVE;
				CLANG_WARN_UNREACHABLE_CODE = YES;
				CLANG_WARN__DUPLICATE_METHOD_MATCH = YES;
				COPY_PHASE_STRIP = NO;
				DEBUG_INFORMATION_FORMAT = dwarf;
				ENABLE_STRICT_OBJC_MSGSEND = YES;
				ENABLE_TESTABILITY = YES;
				ENABLE_USER_SCRIPT_SANDBOXING = YES;
				GCC_C_LANGUAGE_STANDARD = gnu17;
				GCC_DYNAMIC_NO_PIC = NO;
				GCC_NO_COMMON_BLOCKS = YES;
				GCC_OPTIMIZATION_LEVEL = 0;
				GCC_PREPROCESSOR_DEFINITIONS = (
					"DEBUG=1",
					"$(inherited)",
				);
				GCC_WARN_64_TO_32_BIT_CONVERSION = YES;
				GCC_WARN_ABOUT_RETURN_TYPE = YES_ERROR;
				GCC_WARN_UNDECLARED_SELECTOR = YES;
				GCC_WARN_UNINITIALIZED_AUTOS = YES_AGGRESSIVE;
				GCC_WARN_UNUSED_FUNCTION = YES;
				GCC_WARN_UNUSED_VARIABLE = YES;
				IPHONEOS_DEPLOYMENT_TARGET = 17.4;
				LOCALIZATION_PREFERS_STRING_CATALOGS = YES;
				MTL_ENABLE_DEBUG_INFO = INCLUDE_SOURCE;
				MTL_FAST_MATH = YES;
				ONLY_ACTIVE_ARCH = YES;
				SDKROOT = iphoneos;
				SWIFT_ACTIVE_COMPILATION_CONDITIONS = "DEBUG $(inherited)";
				SWIFT_OPTIMIZATION_LEVEL = "-Onone";
			};
			name = Debug;
		};
		00CEA6622BEBCE6F00A63774 /* Release */ = {
			isa = XCBuildConfiguration;
			buildSettings = {
				ALWAYS_SEARCH_USER_PATHS = NO;
				ASSETCATALOG_COMPILER_GENERATE_SWIFT_ASSET_SYMBOL_EXTENSIONS = YES;
				CLANG_ANALYZER_NONNULL = YES;
				CLANG_ANALYZER_NUMBER_OBJECT_CONVERSION = YES_AGGRESSIVE;
				CLANG_CXX_LANGUAGE_STANDARD = "gnu++20";
				CLANG_ENABLE_MODULES = YES;
				CLANG_ENABLE_OBJC_ARC = YES;
				CLANG_ENABLE_OBJC_WEAK = YES;
				CLANG_WARN_BLOCK_CAPTURE_AUTORELEASING = YES;
				CLANG_WARN_BOOL_CONVERSION = YES;
				CLANG_WARN_COMMA = YES;
				CLANG_WARN_CONSTANT_CONVERSION = YES;
				CLANG_WARN_DEPRECATED_OBJC_IMPLEMENTATIONS = YES;
				CLANG_WARN_DIRECT_OBJC_ISA_USAGE = YES_ERROR;
				CLANG_WARN_DOCUMENTATION_COMMENTS = YES;
				CLANG_WARN_EMPTY_BODY = YES;
				CLANG_WARN_ENUM_CONVERSION = YES;
				CLANG_WARN_INFINITE_RECURSION = YES;
				CLANG_WARN_INT_CONVERSION = YES;
				CLANG_WARN_NON_LITERAL_NULL_CONVERSION = YES;
				CLANG_WARN_OBJC_IMPLICIT_RETAIN_SELF = YES;
				CLANG_WARN_OBJC_LITERAL_CONVERSION = YES;
				CLANG_WARN_OBJC_ROOT_CLASS = YES_ERROR;
				CLANG_WARN_QUOTED_INCLUDE_IN_FRAMEWORK_HEADER = YES;
				CLANG_WARN_RANGE_LOOP_ANALYSIS = YES;
				CLANG_WARN_STRICT_PROTOTYPES = YES;
				CLANG_WARN_SUSPICIOUS_MOVE = YES;
				CLANG_WARN_UNGUARDED_AVAILABILITY = YES_AGGRESSIVE;
				CLANG_WARN_UNREACHABLE_CODE = YES;
				CLANG_WARN__DUPLICATE_METHOD_MATCH = YES;
				COPY_PHASE_STRIP = NO;
				DEBUG_INFORMATION_FORMAT = "dwarf-with-dsym";
				ENABLE_NS_ASSERTIONS = NO;
				ENABLE_STRICT_OBJC_MSGSEND = YES;
				ENABLE_USER_SCRIPT_SANDBOXING = YES;
				GCC_C_LANGUAGE_STANDARD = gnu17;
				GCC_NO_COMMON_BLOCKS = YES;
				GCC_WARN_64_TO_32_BIT_CONVERSION = YES;
				GCC_WARN_ABOUT_RETURN_TYPE = YES_ERROR;
				GCC_WARN_UNDECLARED_SELECTOR = YES;
				GCC_WARN_UNINITIALIZED_AUTOS = YES_AGGRESSIVE;
				GCC_WARN_UNUSED_FUNCTION = YES;
				GCC_WARN_UNUSED_VARIABLE = YES;
				IPHONEOS_DEPLOYMENT_TARGET = 17.4;
				LOCALIZATION_PREFERS_STRING_CATALOGS = YES;
				MTL_ENABLE_DEBUG_INFO = NO;
				MTL_FAST_MATH = YES;
				SDKROOT = iphoneos;
				SWIFT_COMPILATION_MODE = wholemodule;
				VALIDATE_PRODUCT = YES;
			};
			name = Release;
		};
		00CEA6642BEBCE6F00A63774 /* Debug */ = {
			isa = XCBuildConfiguration;
			buildSettings = {
				ASSETCATALOG_COMPILER_APPICON_NAME = AppIcon;
				ASSETCATALOG_COMPILER_GLOBAL_ACCENT_COLOR_NAME = AccentColor;
				CODE_SIGN_STYLE = Automatic;
				CURRENT_PROJECT_VERSION = 1;
				DEVELOPMENT_TEAM = LLM6YPG7Q7;
				GENERATE_INFOPLIST_FILE = YES;
				INFOPLIST_FILE = "iOS12-HW22-Daniil-Ivanov/Resources/Configuration/Info.plist";
				INFOPLIST_KEY_UIApplicationSupportsIndirectInputEvents = YES;
				INFOPLIST_KEY_UILaunchStoryboardName = LaunchScreen;
				INFOPLIST_KEY_UISupportedInterfaceOrientations = UIInterfaceOrientationPortrait;
				INFOPLIST_KEY_UISupportedInterfaceOrientations_iPad = "UIInterfaceOrientationLandscapeLeft UIInterfaceOrientationLandscapeRight UIInterfaceOrientationPortrait UIInterfaceOrientationPortraitUpsideDown";
				LD_RUNPATH_SEARCH_PATHS = (
					"$(inherited)",
					"@executable_path/Frameworks",
				);
				MARKETING_VERSION = 1.0;
				PRODUCT_BUNDLE_IDENTIFIER = "com.example.iOS12-HW22-Daniil-Ivanov";
				PRODUCT_NAME = "$(TARGET_NAME)";
				SUPPORTED_PLATFORMS = "iphoneos iphonesimulator";
				SUPPORTS_MACCATALYST = NO;
				SUPPORTS_MAC_DESIGNED_FOR_IPHONE_IPAD = NO;
				SUPPORTS_XR_DESIGNED_FOR_IPHONE_IPAD = NO;
				SWIFT_EMIT_LOC_STRINGS = YES;
				SWIFT_VERSION = 5.0;
				TARGETED_DEVICE_FAMILY = 1;
			};
			name = Debug;
		};
		00CEA6652BEBCE6F00A63774 /* Release */ = {
			isa = XCBuildConfiguration;
			buildSettings = {
				ASSETCATALOG_COMPILER_APPICON_NAME = AppIcon;
				ASSETCATALOG_COMPILER_GLOBAL_ACCENT_COLOR_NAME = AccentColor;
				CODE_SIGN_STYLE = Automatic;
				CURRENT_PROJECT_VERSION = 1;
				DEVELOPMENT_TEAM = LLM6YPG7Q7;
				GENERATE_INFOPLIST_FILE = YES;
				INFOPLIST_FILE = "iOS12-HW22-Daniil-Ivanov/Resources/Configuration/Info.plist";
				INFOPLIST_KEY_UIApplicationSupportsIndirectInputEvents = YES;
				INFOPLIST_KEY_UILaunchStoryboardName = LaunchScreen;
				INFOPLIST_KEY_UISupportedInterfaceOrientations = UIInterfaceOrientationPortrait;
				INFOPLIST_KEY_UISupportedInterfaceOrientations_iPad = "UIInterfaceOrientationLandscapeLeft UIInterfaceOrientationLandscapeRight UIInterfaceOrientationPortrait UIInterfaceOrientationPortraitUpsideDown";
				LD_RUNPATH_SEARCH_PATHS = (
					"$(inherited)",
					"@executable_path/Frameworks",
				);
				MARKETING_VERSION = 1.0;
				PRODUCT_BUNDLE_IDENTIFIER = "com.example.iOS12-HW22-Daniil-Ivanov";
				PRODUCT_NAME = "$(TARGET_NAME)";
				SUPPORTED_PLATFORMS = "iphoneos iphonesimulator";
				SUPPORTS_MACCATALYST = NO;
				SUPPORTS_MAC_DESIGNED_FOR_IPHONE_IPAD = NO;
				SUPPORTS_XR_DESIGNED_FOR_IPHONE_IPAD = NO;
				SWIFT_EMIT_LOC_STRINGS = YES;
				SWIFT_VERSION = 5.0;
				TARGETED_DEVICE_FAMILY = 1;
			};
			name = Release;
		};
		00CEA6672BEBCE6F00A63774 /* Debug */ = {
			isa = XCBuildConfiguration;
			buildSettings = {
				ALWAYS_EMBED_SWIFT_STANDARD_LIBRARIES = YES;
				BUNDLE_LOADER = "$(TEST_HOST)";
				CLANG_ENABLE_MODULES = YES;
				CODE_SIGN_STYLE = Automatic;
				CURRENT_PROJECT_VERSION = 1;
				DEVELOPMENT_TEAM = LLM6YPG7Q7;
				GENERATE_INFOPLIST_FILE = YES;
				IPHONEOS_DEPLOYMENT_TARGET = 17.4;
				MARKETING_VERSION = 1.0;
				PRODUCT_BUNDLE_IDENTIFIER = "com.example.iOS12-HW22-Daniil-IvanovTests";
				PRODUCT_NAME = "$(TARGET_NAME)";
				SUPPORTED_PLATFORMS = "iphoneos iphonesimulator";
				SUPPORTS_MACCATALYST = NO;
				SUPPORTS_MAC_DESIGNED_FOR_IPHONE_IPAD = NO;
				SUPPORTS_XR_DESIGNED_FOR_IPHONE_IPAD = NO;
				SWIFT_EMIT_LOC_STRINGS = NO;
				SWIFT_OPTIMIZATION_LEVEL = "-Onone";
				SWIFT_VERSION = 5.0;
				TARGETED_DEVICE_FAMILY = 1;
				TEST_HOST = "$(BUILT_PRODUCTS_DIR)/iOS12-HW22-Daniil-Ivanov.app/$(BUNDLE_EXECUTABLE_FOLDER_PATH)/iOS12-HW22-Daniil-Ivanov";
			};
			name = Debug;
		};
		00CEA6682BEBCE6F00A63774 /* Release */ = {
			isa = XCBuildConfiguration;
			buildSettings = {
				ALWAYS_EMBED_SWIFT_STANDARD_LIBRARIES = YES;
				BUNDLE_LOADER = "$(TEST_HOST)";
				CLANG_ENABLE_MODULES = YES;
				CODE_SIGN_STYLE = Automatic;
				CURRENT_PROJECT_VERSION = 1;
				DEVELOPMENT_TEAM = LLM6YPG7Q7;
				GENERATE_INFOPLIST_FILE = YES;
				IPHONEOS_DEPLOYMENT_TARGET = 17.4;
				MARKETING_VERSION = 1.0;
				PRODUCT_BUNDLE_IDENTIFIER = "com.example.iOS12-HW22-Daniil-IvanovTests";
				PRODUCT_NAME = "$(TARGET_NAME)";
				SUPPORTED_PLATFORMS = "iphoneos iphonesimulator";
				SUPPORTS_MACCATALYST = NO;
				SUPPORTS_MAC_DESIGNED_FOR_IPHONE_IPAD = NO;
				SUPPORTS_XR_DESIGNED_FOR_IPHONE_IPAD = NO;
				SWIFT_EMIT_LOC_STRINGS = NO;
				SWIFT_VERSION = 5.0;
				TARGETED_DEVICE_FAMILY = 1;
				TEST_HOST = "$(BUILT_PRODUCTS_DIR)/iOS12-HW22-Daniil-Ivanov.app/$(BUNDLE_EXECUTABLE_FOLDER_PATH)/iOS12-HW22-Daniil-Ivanov";
			};
			name = Release;
		};
/* End XCBuildConfiguration section */

/* Begin XCConfigurationList section */
		00CEA6312BEBCE6E00A63774 /* Build configuration list for PBXProject "iOS12-HW22-Daniil-Ivanov" */ = {
			isa = XCConfigurationList;
			buildConfigurations = (
				00CEA6612BEBCE6F00A63774 /* Debug */,
				00CEA6622BEBCE6F00A63774 /* Release */,
			);
			defaultConfigurationIsVisible = 0;
			defaultConfigurationName = Release;
		};
		00CEA6632BEBCE6F00A63774 /* Build configuration list for PBXNativeTarget "iOS12-HW22-Daniil-Ivanov" */ = {
			isa = XCConfigurationList;
			buildConfigurations = (
				00CEA6642BEBCE6F00A63774 /* Debug */,
				00CEA6652BEBCE6F00A63774 /* Release */,
			);
			defaultConfigurationIsVisible = 0;
			defaultConfigurationName = Release;
		};
		00CEA6662BEBCE6F00A63774 /* Build configuration list for PBXNativeTarget "iOS12-HW22-Daniil-IvanovTests" */ = {
			isa = XCConfigurationList;
			buildConfigurations = (
				00CEA6672BEBCE6F00A63774 /* Debug */,
				00CEA6682BEBCE6F00A63774 /* Release */,
			);
			defaultConfigurationIsVisible = 0;
			defaultConfigurationName = Release;
		};
/* End XCConfigurationList section */

/* Begin XCRemoteSwiftPackageReference section */
		00CEA6B42BEBCFD800A63774 /* XCRemoteSwiftPackageReference "SnapKit" */ = {
			isa = XCRemoteSwiftPackageReference;
			repositoryURL = "https://github.com/SnapKit/SnapKit.git";
			requirement = {
				kind = upToNextMajorVersion;
				minimumVersion = 5.7.1;
			};
		};
/* End XCRemoteSwiftPackageReference section */

/* Begin XCSwiftPackageProductDependency section */
		00CEA6B52BEBCFD800A63774 /* SnapKit */ = {
			isa = XCSwiftPackageProductDependency;
			package = 00CEA6B42BEBCFD800A63774 /* XCRemoteSwiftPackageReference "SnapKit" */;
			productName = SnapKit;
		};
/* End XCSwiftPackageProductDependency section */

/* Begin XCVersionGroup section */
		00CEA6702BEBCED500A63774 /* UserModel.xcdatamodeld */ = {
			isa = XCVersionGroup;
			children = (
				00CEA6762BEBCED500A63774 /* iOS12_HW22_Daniil_Ivanov.xcdatamodel */,
			);
			currentVersion = 00CEA6762BEBCED500A63774 /* iOS12_HW22_Daniil_Ivanov.xcdatamodel */;
			name = UserModel.xcdatamodeld;
			path = "/Users/daniilwork/Desktop/iOS12-HW22-Daniil-Ivanov/iOS12-HW22-Daniil-Ivanov/Resources/CoreData/UserModel.xcdatamodeld";
			sourceTree = "<group>";
			versionGroupType = wrapper.xcdatamodel;
		};
/* End XCVersionGroup section */
	};
	rootObject = 00CEA62E2BEBCE6E00A63774 /* Project object */;
}
